
Microsoft Visual Studio Solution File, Format Version 12.00
# Visual Studio Version 16
VisualStudioVersion = 16.0.31005.135
MinimumVisualStudioVersion = 10.0.40219.1
Project("{FAE04EC0-301F-11D3-BF4B-00C04F79EFBC}") = "RhinoWPFSample", "RhinoWPFSample.csproj", "{D19C1D94-26D6-4BD5-999E-A402CB0E56CC}"
EndProject
Global
	GlobalSection(SolutionConfigurationPlatforms) = preSolution
		Debug|Any CPU = Debug|Any CPU
		Release|Any CPU = Release|Any CPU
	EndGlobalSection
	GlobalSection(ProjectConfigurationPlatforms) = postSolution
		{D19C1D94-26D6-4BD5-999E-A402CB0E56CC}.Debug|Any CPU.ActiveCfg = Debug|Any CPU
		{D19C1D94-26D6-4BD5-999E-A402CB0E56CC}.Debug|Any CPU.Build.0 = Debug|Any CPU
		{D19C1D94-26D6-4BD5-999E-A402CB0E56CC}.Release|Any CPU.ActiveCfg = Release|Any CPU
		{D19C1D94-26D6-4BD5-999E-A402CB0E56CC}.Release|Any CPU.Build.0 = Release|Any CPU
	EndGlobalSection
	GlobalSection(SolutionProperties) = preSolution
		HideSolutionNode = FALSE
	EndGlobalSection
	GlobalSection(ExtensibilityGlobals) = postSolution
		SolutionGuid = {A1D507AB-883B-4118-B622-AB69A6F7AB98}
	EndGlobalSection
EndGlobal
